
Microsoft Visual Studio Solution File, Format Version 12.00
# Visual Studio Version 16
VisualStudioVersion = 16.0.31205.134
MinimumVisualStudioVersion = 10.0.40219.1
Project("{9A19103F-16F7-4668-BE54-9A1E7A4F7556}") = "YetiFTPClient", "YetiFTPClient\YetiFTPClient.csproj", "{84CE4790-1E1C-4D83-B0E8-EBC5DBF8F8CF}"
EndProject
Project("{930C7802-8A8C-48F9-8165-68863BCCD9DD}") = "FTPInstaller", "FTPInstaller\FTPInstaller.wixproj", "{C9FE1F15-EF28-4A46-8433-44F5D3C5FAF1}"
EndProject
Global
	GlobalSection(SolutionConfigurationPlatforms) = preSolution
		Debug|Any CPU = Debug|Any CPU
		Debug|x86 = Debug|x86
		Release|Any CPU = Release|Any CPU
		Release|x86 = Release|x86
	EndGlobalSection
	GlobalSection(ProjectConfigurationPlatforms) = postSolution
		{84CE4790-1E1C-4D83-B0E8-EBC5DBF8F8CF}.Debug|Any CPU.ActiveCfg = Debug|Any CPU
		{84CE4790-1E1C-4D83-B0E8-EBC5DBF8F8CF}.Debug|Any CPU.Build.0 = Debug|Any CPU
		{84CE4790-1E1C-4D83-B0E8-EBC5DBF8F8CF}.Debug|x86.ActiveCfg = Debug|Any CPU
		{84CE4790-1E1C-4D83-B0E8-EBC5DBF8F8CF}.Debug|x86.Build.0 = Debug|Any CPU
		{84CE4790-1E1C-4D83-B0E8-EBC5DBF8F8CF}.Release|Any CPU.ActiveCfg = Release|Any CPU
		{84CE4790-1E1C-4D83-B0E8-EBC5DBF8F8CF}.Release|Any CPU.Build.0 = Release|Any CPU
		{84CE4790-1E1C-4D83-B0E8-EBC5DBF8F8CF}.Release|x86.ActiveCfg = Release|Any CPU
		{84CE4790-1E1C-4D83-B0E8-EBC5DBF8F8CF}.Release|x86.Build.0 = Release|Any CPU
		{C9FE1F15-EF28-4A46-8433-44F5D3C5FAF1}.Debug|Any CPU.ActiveCfg = Debug|x86
		{C9FE1F15-EF28-4A46-8433-44F5D3C5FAF1}.Debug|x86.ActiveCfg = Debug|x86
		{C9FE1F15-EF28-4A46-8433-44F5D3C5FAF1}.Debug|x86.Build.0 = Debug|x86
		{C9FE1F15-EF28-4A46-8433-44F5D3C5FAF1}.Release|Any CPU.ActiveCfg = Release|x86
		{C9FE1F15-EF28-4A46-8433-44F5D3C5FAF1}.Release|x86.ActiveCfg = Release|x86
		{C9FE1F15-EF28-4A46-8433-44F5D3C5FAF1}.Release|x86.Build.0 = Release|x86
	EndGlobalSection
	GlobalSection(SolutionProperties) = preSolution
		HideSolutionNode = FALSE
	EndGlobalSection
	GlobalSection(ExtensibilityGlobals) = postSolution
		SolutionGuid = {BCF601C7-29BC-4BE2-A684-15047464E9B9}
	EndGlobalSection
EndGlobal
